// !$*UTF8*$!
{
	archiveVersion = 1;
	classes = {
	};
	objectVersion = 50;
	objects = {

/* Begin PBXBuildFile section */
		D802879C25B9AF7E0057013D /* AppDelegate.swift in Sources */ = {isa = PBXBuildFile; fileRef = D802879B25B9AF7E0057013D /* AppDelegate.swift */; };
		D802879E25B9AF7E0057013D /* SceneDelegate.swift in Sources */ = {isa = PBXBuildFile; fileRef = D802879D25B9AF7E0057013D /* SceneDelegate.swift */; };
		D80287A025B9AF7E0057013D /* ViewController.swift in Sources */ = {isa = PBXBuildFile; fileRef = D802879F25B9AF7E0057013D /* ViewController.swift */; };
		D80287A325B9AF7E0057013D /* Main.storyboard in Resources */ = {isa = PBXBuildFile; fileRef = D80287A125B9AF7E0057013D /* Main.storyboard */; };
		D80287A525B9AF800057013D /* Assets.xcassets in Resources */ = {isa = PBXBuildFile; fileRef = D80287A425B9AF800057013D /* Assets.xcassets */; };
		D80287A825B9AF800057013D /* LaunchScreen.storyboard in Resources */ = {isa = PBXBuildFile; fileRef = D80287A625B9AF800057013D /* LaunchScreen.storyboard */; };
		D80287B325B9AF800057013D /* _5AppsTestTests.swift in Sources */ = {isa = PBXBuildFile; fileRef = D80287B225B9AF800057013D /* _5AppsTestTests.swift */; };
		D80287BE25B9AF800057013D /* _5AppsTestUITests.swift in Sources */ = {isa = PBXBuildFile; fileRef = D80287BD25B9AF800057013D /* _5AppsTestUITests.swift */; };
/* End PBXBuildFile section */

/* Begin PBXContainerItemProxy section */
		D80287AF25B9AF800057013D /* PBXContainerItemProxy */ = {
			isa = PBXContainerItemProxy;
			containerPortal = D802879025B9AF7E0057013D /* Project object */;
			proxyType = 1;
			remoteGlobalIDString = D802879725B9AF7E0057013D;
			remoteInfo = 65AppsTest;
		};
		D80287BA25B9AF800057013D /* PBXContainerItemProxy */ = {
			isa = PBXContainerItemProxy;
			containerPortal = D802879025B9AF7E0057013D /* Project object */;
			proxyType = 1;
			remoteGlobalIDString = D802879725B9AF7E0057013D;
			remoteInfo = 65AppsTest;
		};
/* End PBXContainerItemProxy section */

/* Begin PBXFileReference section */
		D802879825B9AF7E0057013D /* 65AppsTest.app */ = {isa = PBXFileReference; explicitFileType = wrapper.application; includeInIndex = 0; path = 65AppsTest.app; sourceTree = BUILT_PRODUCTS_DIR; };
		D802879B25B9AF7E0057013D /* AppDelegate.swift */ = {isa = PBXFileReference; lastKnownFileType = sourcecode.swift; path = AppDelegate.swift; sourceTree = "<group>"; };
		D802879D25B9AF7E0057013D /* SceneDelegate.swift */ = {isa = PBXFileReference; lastKnownFileType = sourcecode.swift; path = SceneDelegate.swift; sourceTree = "<group>"; };
		D802879F25B9AF7E0057013D /* ViewController.swift */ = {isa = PBXFileReference; lastKnownFileType = sourcecode.swift; path = ViewController.swift; sourceTree = "<group>"; };
		D80287A225B9AF7E0057013D /* Base */ = {isa = PBXFileReference; lastKnownFileType = file.storyboard; name = Base; path = Base.lproj/Main.storyboard; sourceTree = "<group>"; };
		D80287A425B9AF800057013D /* Assets.xcassets */ = {isa = PBXFileReference; lastKnownFileType = folder.assetcatalog; path = Assets.xcassets; sourceTree = "<group>"; };
		D80287A725B9AF800057013D /* Base */ = {isa = PBXFileReference; lastKnownFileType = file.storyboard; name = Base; path = Base.lproj/LaunchScreen.storyboard; sourceTree = "<group>"; };
		D80287A925B9AF800057013D /* Info.plist */ = {isa = PBXFileReference; lastKnownFileType = text.plist.xml; path = Info.plist; sourceTree = "<group>"; };
		D80287AE25B9AF800057013D /* 65AppsTestTests.xctest */ = {isa = PBXFileReference; explicitFileType = wrapper.cfbundle; includeInIndex = 0; path = 65AppsTestTests.xctest; sourceTree = BUILT_PRODUCTS_DIR; };
		D80287B225B9AF800057013D /* _5AppsTestTests.swift */ = {isa = PBXFileReference; lastKnownFileType = sourcecode.swift; path = _5AppsTestTests.swift; sourceTree = "<group>"; };
		D80287B425B9AF800057013D /* Info.plist */ = {isa = PBXFileReference; lastKnownFileType = text.plist.xml; path = Info.plist; sourceTree = "<group>"; };
		D80287B925B9AF800057013D /* 65AppsTestUITests.xctest */ = {isa = PBXFileReference; explicitFileType = wrapper.cfbundle; includeInIndex = 0; path = 65AppsTestUITests.xctest; sourceTree = BUILT_PRODUCTS_DIR; };
		D80287BD25B9AF800057013D /* _5AppsTestUITests.swift */ = {isa = PBXFileReference; lastKnownFileType = sourcecode.swift; path = _5AppsTestUITests.swift; sourceTree = "<group>"; };
		D80287BF25B9AF800057013D /* Info.plist */ = {isa = PBXFileReference; lastKnownFileType = text.plist.xml; path = Info.plist; sourceTree = "<group>"; };
/* End PBXFileReference section */

/* Begin PBXFrameworksBuildPhase section */
		D802879525B9AF7E0057013D /* Frameworks */ = {
			isa = PBXFrameworksBuildPhase;
			buildActionMask = 2147483647;
			files = (
			);
			runOnlyForDeploymentPostprocessing = 0;
		};
		D80287AB25B9AF800057013D /* Frameworks */ = {
			isa = PBXFrameworksBuildPhase;
			buildActionMask = 2147483647;
			files = (
			);
			runOnlyForDeploymentPostprocessing = 0;
		};
		D80287B625B9AF800057013D /* Frameworks */ = {
			isa = PBXFrameworksBuildPhase;
			buildActionMask = 2147483647;
			files = (
			);
			runOnlyForDeploymentPostprocessing = 0;
		};
/* End PBXFrameworksBuildPhase section */

/* Begin PBXGroup section */
		D802878F25B9AF7E0057013D = {
			isa = PBXGroup;
			children = (
				D802879A25B9AF7E0057013D /* 65AppsTest */,
				D80287B125B9AF800057013D /* 65AppsTestTests */,
				D80287BC25B9AF800057013D /* 65AppsTestUITests */,
				D802879925B9AF7E0057013D /* Products */,
			);
			sourceTree = "<group>";
		};
		D802879925B9AF7E0057013D /* Products */ = {
			isa = PBXGroup;
			children = (
				D802879825B9AF7E0057013D /* 65AppsTest.app */,
				D80287AE25B9AF800057013D /* 65AppsTestTests.xctest */,
				D80287B925B9AF800057013D /* 65AppsTestUITests.xctest */,
			);
			name = Products;
			sourceTree = "<group>";
		};
		D802879A25B9AF7E0057013D /* 65AppsTest */ = {
			isa = PBXGroup;
			children = (
				D802879B25B9AF7E0057013D /* AppDelegate.swift */,
				D802879D25B9AF7E0057013D /* SceneDelegate.swift */,
				D802879F25B9AF7E0057013D /* ViewController.swift */,
				D80287A125B9AF7E0057013D /* Main.storyboard */,
				D80287A425B9AF800057013D /* Assets.xcassets */,
				D80287A625B9AF800057013D /* LaunchScreen.storyboard */,
				D80287A925B9AF800057013D /* Info.plist */,
			);
			path = 65AppsTest;
			sourceTree = "<group>";
		};
		D80287B125B9AF800057013D /* 65AppsTestTests */ = {
			isa = PBXGroup;
			children = (
				D80287B225B9AF800057013D /* _5AppsTestTests.swift */,
				D80287B425B9AF800057013D /* Info.plist */,
			);
			path = 65AppsTestTests;
			sourceTree = "<group>";
		};
		D80287BC25B9AF800057013D /* 65AppsTestUITests */ = {
			isa = PBXGroup;
			children = (
				D80287BD25B9AF800057013D /* _5AppsTestUITests.swift */,
				D80287BF25B9AF800057013D /* Info.plist */,
			);
			path = 65AppsTestUITests;
			sourceTree = "<group>";
		};
/* End PBXGroup section */

/* Begin PBXNativeTarget section */
		D802879725B9AF7E0057013D /* 65AppsTest */ = {
			isa = PBXNativeTarget;
			buildConfigurationList = D80287C225B9AF800057013D /* Build configuration list for PBXNativeTarget "65AppsTest" */;
			buildPhases = (
				D802879425B9AF7E0057013D /* Sources */,
				D802879525B9AF7E0057013D /* Frameworks */,
				D802879625B9AF7E0057013D /* Resources */,
			);
			buildRules = (
			);
			dependencies = (
			);
			name = 65AppsTest;
			productName = 65AppsTest;
			productReference = D802879825B9AF7E0057013D /* 65AppsTest.app */;
			productType = "com.apple.product-type.application";
		};
		D80287AD25B9AF800057013D /* 65AppsTestTests */ = {
			isa = PBXNativeTarget;
			buildConfigurationList = D80287C525B9AF800057013D /* Build configuration list for PBXNativeTarget "65AppsTestTests" */;
			buildPhases = (
				D80287AA25B9AF800057013D /* Sources */,
				D80287AB25B9AF800057013D /* Frameworks */,
				D80287AC25B9AF800057013D /* Resources */,
			);
			buildRules = (
			);
			dependencies = (
				D80287B025B9AF800057013D /* PBXTargetDependency */,
			);
			name = 65AppsTestTests;
			productName = 65AppsTestTests;
			productReference = D80287AE25B9AF800057013D /* 65AppsTestTests.xctest */;
			productType = "com.apple.product-type.bundle.unit-test";
		};
		D80287B825B9AF800057013D /* 65AppsTestUITests */ = {
			isa = PBXNativeTarget;
			buildConfigurationList = D80287C825B9AF800057013D /* Build configuration list for PBXNativeTarget "65AppsTestUITests" */;
			buildPhases = (
				D80287B525B9AF800057013D /* Sources */,
				D80287B625B9AF800057013D /* Frameworks */,
				D80287B725B9AF800057013D /* Resources */,
			);
			buildRules = (
			);
			dependencies = (
				D80287BB25B9AF800057013D /* PBXTargetDependency */,
			);
			name = 65AppsTestUITests;
			productName = 65AppsTestUITests;
			productReference = D80287B925B9AF800057013D /* 65AppsTestUITests.xctest */;
			productType = "com.apple.product-type.bundle.ui-testing";
		};
/* End PBXNativeTarget section */

/* Begin PBXProject section */
		D802879025B9AF7E0057013D /* Project object */ = {
			isa = PBXProject;
			attributes = {
				LastSwiftUpdateCheck = 1200;
				LastUpgradeCheck = 1200;
				TargetAttributes = {
					D802879725B9AF7E0057013D = {
						CreatedOnToolsVersion = 12.0.1;
					};
					D80287AD25B9AF800057013D = {
						CreatedOnToolsVersion = 12.0.1;
						TestTargetID = D802879725B9AF7E0057013D;
					};
					D80287B825B9AF800057013D = {
						CreatedOnToolsVersion = 12.0.1;
						TestTargetID = D802879725B9AF7E0057013D;
					};
				};
			};
			buildConfigurationList = D802879325B9AF7E0057013D /* Build configuration list for PBXProject "65AppsTest" */;
			compatibilityVersion = "Xcode 9.3";
			developmentRegion = en;
			hasScannedForEncodings = 0;
			knownRegions = (
				en,
				Base,
			);
			mainGroup = D802878F25B9AF7E0057013D;
			productRefGroup = D802879925B9AF7E0057013D /* Products */;
			projectDirPath = "";
			projectRoot = "";
			targets = (
				D802879725B9AF7E0057013D /* 65AppsTest */,
				D80287AD25B9AF800057013D /* 65AppsTestTests */,
				D80287B825B9AF800057013D /* 65AppsTestUITests */,
			);
		};
/* End PBXProject section */

/* Begin PBXResourcesBuildPhase section */
		D802879625B9AF7E0057013D /* Resources */ = {
			isa = PBXResourcesBuildPhase;
			buildActionMask = 2147483647;
			files = (
				D80287A825B9AF800057013D /* LaunchScreen.storyboard in Resources */,
				D80287A525B9AF800057013D /* Assets.xcassets in Resources */,
				D80287A325B9AF7E0057013D /* Main.storyboard in Resources */,
			);
			runOnlyForDeploymentPostprocessing = 0;
		};
		D80287AC25B9AF800057013D /* Resources */ = {
			isa = PBXResourcesBuildPhase;
			buildActionMask = 2147483647;
			files = (
			);
			runOnlyForDeploymentPostprocessing = 0;
		};
		D80287B725B9AF800057013D /* Resources */ = {
			isa = PBXResourcesBuildPhase;
			buildActionMask = 2147483647;
			files = (
			);
			runOnlyForDeploymentPostprocessing = 0;
		};
/* End PBXResourcesBuildPhase section */

/* Begin PBXSourcesBuildPhase section */
		D802879425B9AF7E0057013D /* Sources */ = {
			isa = PBXSourcesBuildPhase;
			buildActionMask = 2147483647;
			files = (
				D80287A025B9AF7E0057013D /* ViewController.swift in Sources */,
				D802879C25B9AF7E0057013D /* AppDelegate.swift in Sources */,
				D802879E25B9AF7E0057013D /* SceneDelegate.swift in Sources */,
			);
			runOnlyForDeploymentPostprocessing = 0;
		};
		D80287AA25B9AF800057013D /* Sources */ = {
			isa = PBXSourcesBuildPhase;
			buildActionMask = 2147483647;
			files = (
				D80287B325B9AF800057013D /* _5AppsTestTests.swift in Sources */,
			);
			runOnlyForDeploymentPostprocessing = 0;
		};
		D80287B525B9AF800057013D /* Sources */ = {
			isa = PBXSourcesBuildPhase;
			buildActionMask = 2147483647;
			files = (
				D80287BE25B9AF800057013D /* _5AppsTestUITests.swift in Sources */,
			);
			runOnlyForDeploymentPostprocessing = 0;
		};
/* End PBXSourcesBuildPhase section */

/* Begin PBXTargetDependency section */
		D80287B025B9AF800057013D /* PBXTargetDependency */ = {
			isa = PBXTargetDependency;
			target = D802879725B9AF7E0057013D /* 65AppsTest */;
			targetProxy = D80287AF25B9AF800057013D /* PBXContainerItemProxy */;
		};
		D80287BB25B9AF800057013D /* PBXTargetDependency */ = {
			isa = PBXTargetDependency;
			target = D802879725B9AF7E0057013D /* 65AppsTest */;
			targetProxy = D80287BA25B9AF800057013D /* PBXContainerItemProxy */;
		};
/* End PBXTargetDependency section */

/* Begin PBXVariantGroup section */
		D80287A125B9AF7E0057013D /* Main.storyboard */ = {
			isa = PBXVariantGroup;
			children = (
				D80287A225B9AF7E0057013D /* Base */,
			);
			name = Main.storyboard;
			sourceTree = "<group>";
		};
		D80287A625B9AF800057013D /* LaunchScreen.storyboard */ = {
			isa = PBXVariantGroup;
			children = (
				D80287A725B9AF800057013D /* Base */,
			);
			name = LaunchScreen.storyboard;
			sourceTree = "<group>";
		};
/* End PBXVariantGroup section */

/* Begin XCBuildConfiguration section */
		D80287C025B9AF800057013D /* Debug */ = {
			isa = XCBuildConfiguration;
			buildSettings = {
				ALWAYS_SEARCH_USER_PATHS = NO;
				CLANG_ANALYZER_NONNULL = YES;
				CLANG_ANALYZER_NUMBER_OBJECT_CONVERSION = YES_AGGRESSIVE;
				CLANG_CXX_LANGUAGE_STANDARD = "gnu++14";
				CLANG_CXX_LIBRARY = "libc++";
				CLANG_ENABLE_MODULES = YES;
				CLANG_ENABLE_OBJC_ARC = YES;
				CLANG_ENABLE_OBJC_WEAK = YES;
				CLANG_WARN_BLOCK_CAPTURE_AUTORELEASING = YES;
				CLANG_WARN_BOOL_CONVERSION = YES;
				CLANG_WARN_COMMA = YES;
				CLANG_WARN_CONSTANT_CONVERSION = YES;
				CLANG_WARN_DEPRECATED_OBJC_IMPLEMENTATIONS = YES;
				CLANG_WARN_DIRECT_OBJC_ISA_USAGE = YES_ERROR;
				CLANG_WARN_DOCUMENTATION_COMMENTS = YES;
				CLANG_WARN_EMPTY_BODY = YES;
				CLANG_WARN_ENUM_CONVERSION = YES;
				CLANG_WARN_INFINITE_RECURSION = YES;
				CLANG_WARN_INT_CONVERSION = YES;
				CLANG_WARN_NON_LITERAL_NULL_CONVERSION = YES;
				CLANG_WARN_OBJC_IMPLICIT_RETAIN_SELF = YES;
				CLANG_WARN_OBJC_LITERAL_CONVERSION = YES;
				CLANG_WARN_OBJC_ROOT_CLASS = YES_ERROR;
				CLANG_WARN_QUOTED_INCLUDE_IN_FRAMEWORK_HEADER = YES;
				CLANG_WARN_RANGE_LOOP_ANALYSIS = YES;
				CLANG_WARN_STRICT_PROTOTYPES = YES;
				CLANG_WARN_SUSPICIOUS_MOVE = YES;
				CLANG_WARN_UNGUARDED_AVAILABILITY = YES_AGGRESSIVE;
				CLANG_WARN_UNREACHABLE_CODE = YES;
				CLANG_WARN__DUPLICATE_METHOD_MATCH = YES;
				COPY_PHASE_STRIP = NO;
				DEBUG_INFORMATION_FORMAT = dwarf;
				ENABLE_STRICT_OBJC_MSGSEND = YES;
				ENABLE_TESTABILITY = YES;
				GCC_C_LANGUAGE_STANDARD = gnu11;
				GCC_DYNAMIC_NO_PIC = NO;
				GCC_NO_COMMON_BLOCKS = YES;
				GCC_OPTIMIZATION_LEVEL = 0;
				GCC_PREPROCESSOR_DEFINITIONS = (
					"DEBUG=1",
					"$(inherited)",
				);
				GCC_WARN_64_TO_32_BIT_CONVERSION = YES;
				GCC_WARN_ABOUT_RETURN_TYPE = YES_ERROR;
				GCC_WARN_UNDECLARED_SELECTOR = YES;
				GCC_WARN_UNINITIALIZED_AUTOS = YES_AGGRESSIVE;
				GCC_WARN_UNUSED_FUNCTION = YES;
				GCC_WARN_UNUSED_VARIABLE = YES;
				IPHONEOS_DEPLOYMENT_TARGET = 14.0;
				MTL_ENABLE_DEBUG_INFO = INCLUDE_SOURCE;
				MTL_FAST_MATH = YES;
				ONLY_ACTIVE_ARCH = YES;
				SDKROOT = iphoneos;
				SWIFT_ACTIVE_COMPILATION_CONDITIONS = DEBUG;
				SWIFT_OPTIMIZATION_LEVEL = "-Onone";
			};
			name = Debug;
		};
		D80287C125B9AF800057013D /* Release */ = {
			isa = XCBuildConfiguration;
			buildSettings = {
				ALWAYS_SEARCH_USER_PATHS = NO;
				CLANG_ANALYZER_NONNULL = YES;
				CLANG_ANALYZER_NUMBER_OBJECT_CONVERSION = YES_AGGRESSIVE;
				CLANG_CXX_LANGUAGE_STANDARD = "gnu++14";
				CLANG_CXX_LIBRARY = "libc++";
				CLANG_ENABLE_MODULES = YES;
				CLANG_ENABLE_OBJC_ARC = YES;
				CLANG_ENABLE_OBJC_WEAK = YES;
				CLANG_WARN_BLOCK_CAPTURE_AUTORELEASING = YES;
				CLANG_WARN_BOOL_CONVERSION = YES;
				CLANG_WARN_COMMA = YES;
				CLANG_WARN_CONSTANT_CONVERSION = YES;
				CLANG_WARN_DEPRECATED_OBJC_IMPLEMENTATIONS = YES;
				CLANG_WARN_DIRECT_OBJC_ISA_USAGE = YES_ERROR;
				CLANG_WARN_DOCUMENTATION_COMMENTS = YES;
				CLANG_WARN_EMPTY_BODY = YES;
				CLANG_WARN_ENUM_CONVERSION = YES;
				CLANG_WARN_INFINITE_RECURSION = YES;
				CLANG_WARN_INT_CONVERSION = YES;
				CLANG_WARN_NON_LITERAL_NULL_CONVERSION = YES;
				CLANG_WARN_OBJC_IMPLICIT_RETAIN_SELF = YES;
				CLANG_WARN_OBJC_LITERAL_CONVERSION = YES;
				CLANG_WARN_OBJC_ROOT_CLASS = YES_ERROR;
				CLANG_WARN_QUOTED_INCLUDE_IN_FRAMEWORK_HEADER = YES;
				CLANG_WARN_RANGE_LOOP_ANALYSIS = YES;
				CLANG_WARN_STRICT_PROTOTYPES = YES;
				CLANG_WARN_SUSPICIOUS_MOVE = YES;
				CLANG_WARN_UNGUARDED_AVAILABILITY = YES_AGGRESSIVE;
				CLANG_WARN_UNREACHABLE_CODE = YES;
				CLANG_WARN__DUPLICATE_METHOD_MATCH = YES;
				COPY_PHASE_STRIP = NO;
				DEBUG_INFORMATION_FORMAT = "dwarf-with-dsym";
				ENABLE_NS_ASSERTIONS = NO;
				ENABLE_STRICT_OBJC_MSGSEND = YES;
				GCC_C_LANGUAGE_STANDARD = gnu11;
				GCC_NO_COMMON_BLOCKS = YES;
				GCC_WARN_64_TO_32_BIT_CONVERSION = YES;
				GCC_WARN_ABOUT_RETURN_TYPE = YES_ERROR;
				GCC_WARN_UNDECLARED_SELECTOR = YES;
				GCC_WARN_UNINITIALIZED_AUTOS = YES_AGGRESSIVE;
				GCC_WARN_UNUSED_FUNCTION = YES;
				GCC_WARN_UNUSED_VARIABLE = YES;
				IPHONEOS_DEPLOYMENT_TARGET = 14.0;
				MTL_ENABLE_DEBUG_INFO = NO;
				MTL_FAST_MATH = YES;
				SDKROOT = iphoneos;
				SWIFT_COMPILATION_MODE = wholemodule;
				SWIFT_OPTIMIZATION_LEVEL = "-O";
				VALIDATE_PRODUCT = YES;
			};
			name = Release;
		};
		D80287C325B9AF800057013D /* Debug */ = {
			isa = XCBuildConfiguration;
			buildSettings = {
				ASSETCATALOG_COMPILER_APPICON_NAME = AppIcon;
				ASSETCATALOG_COMPILER_GLOBAL_ACCENT_COLOR_NAME = AccentColor;
				CODE_SIGN_STYLE = Automatic;
				DEVELOPMENT_TEAM = 86F4TVSZ56;
				INFOPLIST_FILE = 65AppsTest/Info.plist;
				LD_RUNPATH_SEARCH_PATHS = (
					"$(inherited)",
					"@executable_path/Frameworks",
				);
				PRODUCT_BUNDLE_IDENTIFIER = "Papushin.-5AppsTest";
				PRODUCT_NAME = "$(TARGET_NAME)";
				SWIFT_VERSION = 5.0;
				TARGETED_DEVICE_FAMILY = "1,2";
			};
			name = Debug;
		};
		D80287C425B9AF800057013D /* Release */ = {
			isa = XCBuildConfiguration;
			buildSettings = {
				ASSETCATALOG_COMPILER_APPICON_NAME = AppIcon;
				ASSETCATALOG_COMPILER_GLOBAL_ACCENT_COLOR_NAME = AccentColor;
				CODE_SIGN_STYLE = Automatic;
				DEVELOPMENT_TEAM = 86F4TVSZ56;
				INFOPLIST_FILE = 65AppsTest/Info.plist;
				LD_RUNPATH_SEARCH_PATHS = (
					"$(inherited)",
					"@executable_path/Frameworks",
				);
				PRODUCT_BUNDLE_IDENTIFIER = "Papushin.-5AppsTest";
				PRODUCT_NAME = "$(TARGET_NAME)";
				SWIFT_VERSION = 5.0;
				TARGETED_DEVICE_FAMILY = "1,2";
			};
			name = Release;
		};
		D80287C625B9AF800057013D /* Debug */ = {
			isa = XCBuildConfiguration;
			buildSettings = {
				ALWAYS_EMBED_SWIFT_STANDARD_LIBRARIES = YES;
				BUNDLE_LOADER = "$(TEST_HOST)";
				CODE_SIGN_STYLE = Automatic;
				DEVELOPMENT_TEAM = 86F4TVSZ56;
				INFOPLIST_FILE = 65AppsTestTests/Info.plist;
				IPHONEOS_DEPLOYMENT_TARGET = 14.0;
				LD_RUNPATH_SEARCH_PATHS = (
					"$(inherited)",
					"@executable_path/Frameworks",
					"@loader_path/Frameworks",
				);
				PRODUCT_BUNDLE_IDENTIFIER = "Papushin.-5AppsTestTests";
				PRODUCT_NAME = "$(TARGET_NAME)";
				SWIFT_VERSION = 5.0;
				TARGETED_DEVICE_FAMILY = "1,2";
				TEST_HOST = "$(BUILT_PRODUCTS_DIR)/65AppsTest.app/65AppsTest";
			};
			name = Debug;
		};
		D80287C725B9AF800057013D /* Release */ = {
			isa = XCBuildConfiguration;
			buildSettings = {
				ALWAYS_EMBED_SWIFT_STANDARD_LIBRARIES = YES;
				BUNDLE_LOADER = "$(TEST_HOST)";
				CODE_SIGN_STYLE = Automatic;
				DEVELOPMENT_TEAM = 86F4TVSZ56;
				INFOPLIST_FILE = 65AppsTestTests/Info.plist;
				IPHONEOS_DEPLOYMENT_TARGET = 14.0;
				LD_RUNPATH_SEARCH_PATHS = (
					"$(inherited)",
					"@executable_path/Frameworks",
					"@loader_path/Frameworks",
				);
				PRODUCT_BUNDLE_IDENTIFIER = "Papushin.-5AppsTestTests";
				PRODUCT_NAME = "$(TARGET_NAME)";
				SWIFT_VERSION = 5.0;
				TARGETED_DEVICE_FAMILY = "1,2";
				TEST_HOST = "$(BUILT_PRODUCTS_DIR)/65AppsTest.app/65AppsTest";
			};
			name = Release;
		};
		D80287C925B9AF800057013D /* Debug */ = {
			isa = XCBuildConfiguration;
			buildSettings = {
				ALWAYS_EMBED_SWIFT_STANDARD_LIBRARIES = YES;
				CODE_SIGN_STYLE = Automatic;
				DEVELOPMENT_TEAM = 86F4TVSZ56;
				INFOPLIST_FILE = 65AppsTestUITests/Info.plist;
				LD_RUNPATH_SEARCH_PATHS = (
					"$(inherited)",
					"@executable_path/Frameworks",
					"@loader_path/Frameworks",
				);
				PRODUCT_BUNDLE_IDENTIFIER = "Papushin.-5AppsTestUITests";
				PRODUCT_NAME = "$(TARGET_NAME)";
				SWIFT_VERSION = 5.0;
				TARGETED_DEVICE_FAMILY = "1,2";
				TEST_TARGET_NAME = 65AppsTest;
			};
			name = Debug;
		};
		D80287CA25B9AF800057013D /* Release */ = {
			isa = XCBuildConfiguration;
			buildSettings = {
				ALWAYS_EMBED_SWIFT_STANDARD_LIBRARIES = YES;
				CODE_SIGN_STYLE = Automatic;
				DEVELOPMENT_TEAM = 86F4TVSZ56;
				INFOPLIST_FILE = 65AppsTestUITests/Info.plist;
				LD_RUNPATH_SEARCH_PATHS = (
					"$(inherited)",
					"@executable_path/Frameworks",
					"@loader_path/Frameworks",
				);
				PRODUCT_BUNDLE_IDENTIFIER = "Papushin.-5AppsTestUITests";
				PRODUCT_NAME = "$(TARGET_NAME)";
				SWIFT_VERSION = 5.0;
				TARGETED_DEVICE_FAMILY = "1,2";
				TEST_TARGET_NAME = 65AppsTest;
			};
			name = Release;
		};
/* End XCBuildConfiguration section */

/* Begin XCConfigurationList section */
		D802879325B9AF7E0057013D /* Build configuration list for PBXProject "65AppsTest" */ = {
			isa = XCConfigurationList;
			buildConfigurations = (
				D80287C025B9AF800057013D /* Debug */,
				D80287C125B9AF800057013D /* Release */,
			);
			defaultConfigurationIsVisible = 0;
			defaultConfigurationName = Release;
		};
		D80287C225B9AF800057013D /* Build configuration list for PBXNativeTarget "65AppsTest" */ = {
			isa = XCConfigurationList;
			buildConfigurations = (
				D80287C325B9AF800057013D /* Debug */,
				D80287C425B9AF800057013D /* Release */,
			);
			defaultConfigurationIsVisible = 0;
			defaultConfigurationName = Release;
		};
		D80287C525B9AF800057013D /* Build configuration list for PBXNativeTarget "65AppsTestTests" */ = {
			isa = XCConfigurationList;
			buildConfigurations = (
				D80287C625B9AF800057013D /* Debug */,
				D80287C725B9AF800057013D /* Release */,
			);
			defaultConfigurationIsVisible = 0;
			defaultConfigurationName = Release;
		};
		D80287C825B9AF800057013D /* Build configuration list for PBXNativeTarget "65AppsTestUITests" */ = {
			isa = XCConfigurationList;
			buildConfigurations = (
				D80287C925B9AF800057013D /* Debug */,
				D80287CA25B9AF800057013D /* Release */,
			);
			defaultConfigurationIsVisible = 0;
			defaultConfigurationName = Release;
		};
/* End XCConfigurationList section */
	};
	rootObject = D802879025B9AF7E0057013D /* Project object */;
}
